
Microsoft Visual Studio Solution File, Format Version 12.00
# Visual Studio Version 17
VisualStudioVersion = 17.8.34322.80
MinimumVisualStudioVersion = 10.0.40219.1
Project("{FAE04EC0-301F-11D3-BF4B-00C04F79EFBC}") = "MvcPicoPublish", "MvcPicoPublish.csproj", "{E78318CA-D482-4B6E-BD9F-D4F39DF241F0}"
EndProject
Global
	GlobalSection(SolutionConfigurationPlatforms) = preSolution
		Debug|Any CPU = Debug|Any CPU
		Release|Any CPU = Release|Any CPU
	EndGlobalSection
	GlobalSection(ProjectConfigurationPlatforms) = postSolution
		{E78318CA-D482-4B6E-BD9F-D4F39DF241F0}.Debug|Any CPU.ActiveCfg = Debug|Any CPU
		{E78318CA-D482-4B6E-BD9F-D4F39DF241F0}.Debug|Any CPU.Build.0 = Debug|Any CPU
		{E78318CA-D482-4B6E-BD9F-D4F39DF241F0}.Release|Any CPU.ActiveCfg = Release|Any CPU
		{E78318CA-D482-4B6E-BD9F-D4F39DF241F0}.Release|Any CPU.Build.0 = Release|Any CPU
	EndGlobalSection
	GlobalSection(SolutionProperties) = preSolution
		HideSolutionNode = FALSE
	EndGlobalSection
	GlobalSection(ExtensibilityGlobals) = postSolution
		SolutionGuid = {5E46CE88-24D3-48F2-A62A-13DBD715FD71}
	EndGlobalSection
EndGlobal
